// !$*UTF8*$!
{
	archiveVersion = 1;
	classes = {
	};
	objectVersion = 46;
	objects = {

/* Begin PBXBuildFile section */
		AC38F1BA46D05121E139B055 /* Category.swift in Sources */ = {isa = PBXBuildFile; fileRef = AC38F81C9DEEDDCBF0020590 /* Category.swift */; };
		AC38F265E5168B0B2C5C9253 /* WordController.swift in Sources */ = {isa = PBXBuildFile; fileRef = AC38F2AB9A6B5A643B61BBCA /* WordController.swift */; };
		AC38F298E0197CAFFE6B9383 /* LoginController.swift in Sources */ = {isa = PBXBuildFile; fileRef = AC38FC87FEB2020708326767 /* LoginController.swift */; };
		AC38F3D2B5C461DBF616EDA3 /* JsonParserTest.swift in Sources */ = {isa = PBXBuildFile; fileRef = AC38F54A5AC22026898ADE11 /* JsonParserTest.swift */; };
		AC38F4BA582BA856414BE77C /* JsonParser.swift in Sources */ = {isa = PBXBuildFile; fileRef = AC38F07C855D3B1093697E74 /* JsonParser.swift */; };
		AC38F4C7F6934CC0ABC4FA0E /* CategoriesController.swift in Sources */ = {isa = PBXBuildFile; fileRef = AC38F56429553EC9BAA9764D /* CategoriesController.swift */; };
		AC38F50BBF138EF66FAA444F /* WordRelation.swift in Sources */ = {isa = PBXBuildFile; fileRef = AC38F1B5BBE173BE42E001EB /* WordRelation.swift */; };
		AC38F518DC4045606C1001F9 /* Main.storyboard in Resources */ = {isa = PBXBuildFile; fileRef = AC38F064498111784C5E4B6B /* Main.storyboard */; };
		AC38F69E4A394D3B58679D95 /* DataProvider.swift in Sources */ = {isa = PBXBuildFile; fileRef = AC38F304233567688509DF0F /* DataProvider.swift */; };
		AC38F999FB8D3EC62BCF000E /* GermanUtil.swift in Sources */ = {isa = PBXBuildFile; fileRef = AC38F1F074B9F99521C36A66 /* GermanUtil.swift */; };
		AC38FA68225661CC70F400E3 /* ReplaceSegue.swift in Sources */ = {isa = PBXBuildFile; fileRef = AC38F6A529793202D1BF0485 /* ReplaceSegue.swift */; };
		AC38FADDE26E362A704CE1F2 /* CategoryTest.swift in Sources */ = {isa = PBXBuildFile; fileRef = AC38F47E1A12501B360715D7 /* CategoryTest.swift */; };
		AC38FB08D6CE0F0793117361 /* WordListController.swift in Sources */ = {isa = PBXBuildFile; fileRef = AC38F6B215368FD168081158 /* WordListController.swift */; };
		AC38FB7FC82DF4C2E37E690A /* GermanNounController.swift in Sources */ = {isa = PBXBuildFile; fileRef = AC38FDA1929E11A5E94246CF /* GermanNounController.swift */; };
		AC38FB8540684F000BCBBB7B /* Word.swift in Sources */ = {isa = PBXBuildFile; fileRef = AC38F80D72B675142209FF64 /* Word.swift */; };
		AC38FBA403E1656010765087 /* WordCategory.swift in Sources */ = {isa = PBXBuildFile; fileRef = AC38F329F064F441B06FC82D /* WordCategory.swift */; };
		AC38FCA79C4E6498F31C7996 /* LoginHelper.swift in Sources */ = {isa = PBXBuildFile; fileRef = AC38F99F4D5C806D72E8BFFF /* LoginHelper.swift */; };
		AC38FE97BD229242E876F5DF /* Language.swift in Sources */ = {isa = PBXBuildFile; fileRef = AC38FC4F47F3AB6DC0549DE4 /* Language.swift */; };
		F47029F61A7F27DB00E30A3C /* AppDelegate.swift in Sources */ = {isa = PBXBuildFile; fileRef = F47029F51A7F27DB00E30A3C /* AppDelegate.swift */; };
		F47029FD1A7F27DB00E30A3C /* Images.xcassets in Resources */ = {isa = PBXBuildFile; fileRef = F47029FC1A7F27DB00E30A3C /* Images.xcassets */; };
		F4702A001A7F27DC00E30A3C /* LaunchScreen.xib in Resources */ = {isa = PBXBuildFile; fileRef = F47029FE1A7F27DB00E30A3C /* LaunchScreen.xib */; };
		F4702A0C1A7F27DC00E30A3C /* WordTutorAppTests.swift in Sources */ = {isa = PBXBuildFile; fileRef = F4702A0B1A7F27DC00E30A3C /* WordTutorAppTests.swift */; };
		F4702A161A7F342F00E30A3C /* MapKit.framework in Frameworks */ = {isa = PBXBuildFile; fileRef = F4702A151A7F342F00E30A3C /* MapKit.framework */; };
		F491E7551A7F7E010026528E /* PhotoViewController.swift in Sources */ = {isa = PBXBuildFile; fileRef = F491E7541A7F7E010026528E /* PhotoViewController.swift */; };
		F4D750181BD38F0C009E1003 /* SWRevealViewController.m in Sources */ = {isa = PBXBuildFile; fileRef = F4D750171BD38F0C009E1003 /* SWRevealViewController.m */; };
/* End PBXBuildFile section */

/* Begin PBXContainerItemProxy section */
		F4702A061A7F27DC00E30A3C /* PBXContainerItemProxy */ = {
			isa = PBXContainerItemProxy;
			containerPortal = F47029E81A7F27DB00E30A3C /* Project object */;
			proxyType = 1;
			remoteGlobalIDString = F47029EF1A7F27DB00E30A3C;
			remoteInfo = WordTutorApp;
		};
/* End PBXContainerItemProxy section */

/* Begin PBXFileReference section */
		AC38F07C855D3B1093697E74 /* JsonParser.swift */ = {isa = PBXFileReference; fileEncoding = 4; lastKnownFileType = sourcecode.swift; path = JsonParser.swift; sourceTree = "<group>"; };
		AC38F1B5BBE173BE42E001EB /* WordRelation.swift */ = {isa = PBXFileReference; fileEncoding = 4; lastKnownFileType = sourcecode.swift; path = WordRelation.swift; sourceTree = "<group>"; };
		AC38F1F074B9F99521C36A66 /* GermanUtil.swift */ = {isa = PBXFileReference; fileEncoding = 4; lastKnownFileType = sourcecode.swift; path = GermanUtil.swift; sourceTree = "<group>"; };
		AC38F2AB9A6B5A643B61BBCA /* WordController.swift */ = {isa = PBXFileReference; fileEncoding = 4; lastKnownFileType = sourcecode.swift; path = WordController.swift; sourceTree = "<group>"; };
		AC38F304233567688509DF0F /* DataProvider.swift */ = {isa = PBXFileReference; fileEncoding = 4; lastKnownFileType = sourcecode.swift; path = DataProvider.swift; sourceTree = "<group>"; };
		AC38F329F064F441B06FC82D /* WordCategory.swift */ = {isa = PBXFileReference; fileEncoding = 4; lastKnownFileType = sourcecode.swift; path = WordCategory.swift; sourceTree = "<group>"; };
		AC38F47E1A12501B360715D7 /* CategoryTest.swift */ = {isa = PBXFileReference; fileEncoding = 4; lastKnownFileType = sourcecode.swift; path = CategoryTest.swift; sourceTree = "<group>"; };
		AC38F54A5AC22026898ADE11 /* JsonParserTest.swift */ = {isa = PBXFileReference; fileEncoding = 4; lastKnownFileType = sourcecode.swift; path = JsonParserTest.swift; sourceTree = "<group>"; };
		AC38F56429553EC9BAA9764D /* CategoriesController.swift */ = {isa = PBXFileReference; fileEncoding = 4; lastKnownFileType = sourcecode.swift; path = CategoriesController.swift; sourceTree = "<group>"; };
		AC38F6A529793202D1BF0485 /* ReplaceSegue.swift */ = {isa = PBXFileReference; fileEncoding = 4; lastKnownFileType = sourcecode.swift; path = ReplaceSegue.swift; sourceTree = "<group>"; };
		AC38F6B215368FD168081158 /* WordListController.swift */ = {isa = PBXFileReference; fileEncoding = 4; lastKnownFileType = sourcecode.swift; path = WordListController.swift; sourceTree = "<group>"; };
		AC38F80D72B675142209FF64 /* Word.swift */ = {isa = PBXFileReference; fileEncoding = 4; lastKnownFileType = sourcecode.swift; path = Word.swift; sourceTree = "<group>"; };
		AC38F81C9DEEDDCBF0020590 /* Category.swift */ = {isa = PBXFileReference; fileEncoding = 4; lastKnownFileType = sourcecode.swift; path = Category.swift; sourceTree = "<group>"; };
		AC38F99F4D5C806D72E8BFFF /* LoginHelper.swift */ = {isa = PBXFileReference; fileEncoding = 4; lastKnownFileType = sourcecode.swift; path = LoginHelper.swift; sourceTree = "<group>"; };
		AC38FA02EB68D7CF1279AA10 /* Base */ = {isa = PBXFileReference; lastKnownFileType = file.storyboard; name = Base; path = Base.lproj/Main.storyboard; sourceTree = "<group>"; };
		AC38FC4F47F3AB6DC0549DE4 /* Language.swift */ = {isa = PBXFileReference; fileEncoding = 4; lastKnownFileType = sourcecode.swift; path = Language.swift; sourceTree = "<group>"; };
		AC38FC87FEB2020708326767 /* LoginController.swift */ = {isa = PBXFileReference; fileEncoding = 4; lastKnownFileType = sourcecode.swift; path = LoginController.swift; sourceTree = "<group>"; };
		AC38FDA1929E11A5E94246CF /* GermanNounController.swift */ = {isa = PBXFileReference; fileEncoding = 4; lastKnownFileType = sourcecode.swift; path = GermanNounController.swift; sourceTree = "<group>"; };
		F47029F01A7F27DB00E30A3C /* WordTutorApp.app */ = {isa = PBXFileReference; explicitFileType = wrapper.application; includeInIndex = 0; path = WordTutorApp.app; sourceTree = BUILT_PRODUCTS_DIR; };
		F47029F41A7F27DB00E30A3C /* Info.plist */ = {isa = PBXFileReference; lastKnownFileType = text.plist.info; path = Info.plist; sourceTree = "<group>"; };
		F47029F51A7F27DB00E30A3C /* AppDelegate.swift */ = {isa = PBXFileReference; lastKnownFileType = sourcecode.swift; path = AppDelegate.swift; sourceTree = "<group>"; };
		F47029FC1A7F27DB00E30A3C /* Images.xcassets */ = {isa = PBXFileReference; lastKnownFileType = folder.assetcatalog; path = Images.xcassets; sourceTree = "<group>"; };
		F47029FF1A7F27DB00E30A3C /* Base */ = {isa = PBXFileReference; lastKnownFileType = file.xib; name = Base; path = Base.lproj/LaunchScreen.xib; sourceTree = "<group>"; };
		F4702A051A7F27DC00E30A3C /* WordTutorAppTest.xctest */ = {isa = PBXFileReference; explicitFileType = wrapper.cfbundle; includeInIndex = 0; path = WordTutorAppTest.xctest; sourceTree = BUILT_PRODUCTS_DIR; };
		F4702A0A1A7F27DC00E30A3C /* Info.plist */ = {isa = PBXFileReference; lastKnownFileType = text.plist.info; path = Info.plist; sourceTree = "<group>"; };
		F4702A0B1A7F27DC00E30A3C /* WordTutorAppTests.swift */ = {isa = PBXFileReference; lastKnownFileType = sourcecode.swift; path = WordTutorAppTests.swift; sourceTree = "<group>"; };
		F4702A151A7F342F00E30A3C /* MapKit.framework */ = {isa = PBXFileReference; lastKnownFileType = wrapper.framework; name = MapKit.framework; path = System/Library/Frameworks/MapKit.framework; sourceTree = SDKROOT; };
		F491E7541A7F7E010026528E /* PhotoViewController.swift */ = {isa = PBXFileReference; fileEncoding = 4; lastKnownFileType = sourcecode.swift; path = PhotoViewController.swift; sourceTree = "<group>"; };
		F4D750151BD38F0C009E1003 /* WordTutorApp-Bridging-Header.h */ = {isa = PBXFileReference; lastKnownFileType = sourcecode.c.h; path = "WordTutorApp-Bridging-Header.h"; sourceTree = "<group>"; };
		F4D750161BD38F0C009E1003 /* SWRevealViewController.h */ = {isa = PBXFileReference; fileEncoding = 4; lastKnownFileType = sourcecode.c.h; path = SWRevealViewController.h; sourceTree = "<group>"; };
		F4D750171BD38F0C009E1003 /* SWRevealViewController.m */ = {isa = PBXFileReference; fileEncoding = 4; lastKnownFileType = sourcecode.c.objc; path = SWRevealViewController.m; sourceTree = "<group>"; };
/* End PBXFileReference section */

/* Begin PBXFrameworksBuildPhase section */
		F47029ED1A7F27DB00E30A3C /* Frameworks */ = {
			isa = PBXFrameworksBuildPhase;
			buildActionMask = 2147483647;
			files = (
				F4702A161A7F342F00E30A3C /* MapKit.framework in Frameworks */,
			);
			runOnlyForDeploymentPostprocessing = 0;
		};
		F4702A021A7F27DC00E30A3C /* Frameworks */ = {
			isa = PBXFrameworksBuildPhase;
			buildActionMask = 2147483647;
			files = (
			);
			runOnlyForDeploymentPostprocessing = 0;
		};
/* End PBXFrameworksBuildPhase section */

/* Begin PBXGroup section */
		AC38F36827B52FDB99A324F2 /* DataSource */ = {
			isa = PBXGroup;
			children = (
				AC38F304233567688509DF0F /* DataProvider.swift */,
				AC38F07C855D3B1093697E74 /* JsonParser.swift */,
				AC38F99F4D5C806D72E8BFFF /* LoginHelper.swift */,
			);
			path = DataSource;
			sourceTree = "<group>";
		};
		AC38F5A17B118B4A8C92958E /* View */ = {
			isa = PBXGroup;
			children = (
				AC38F6A529793202D1BF0485 /* ReplaceSegue.swift */,
			);
			path = View;
			sourceTree = "<group>";
		};
		AC38F7F94A736EDA1BBC394B /* Controllers */ = {
			isa = PBXGroup;
			children = (
				AC38F2AB9A6B5A643B61BBCA /* WordController.swift */,
				AC38F6B215368FD168081158 /* WordListController.swift */,
				AC38F56429553EC9BAA9764D /* CategoriesController.swift */,
				AC38FDA1929E11A5E94246CF /* GermanNounController.swift */,
				AC38FC87FEB2020708326767 /* LoginController.swift */,
			);
			path = Controllers;
			sourceTree = "<group>";
		};
		AC38FCC00687DBD6ED583C0F /* Languages */ = {
			isa = PBXGroup;
			children = (
				AC38F1F074B9F99521C36A66 /* GermanUtil.swift */,
			);
			path = Languages;
			sourceTree = "<group>";
		};
		AC38FEED7314AA3589566B7F /* Model */ = {
			isa = PBXGroup;
			children = (
				AC38F80D72B675142209FF64 /* Word.swift */,
				AC38F1B5BBE173BE42E001EB /* WordRelation.swift */,
				AC38FC4F47F3AB6DC0549DE4 /* Language.swift */,
				AC38F81C9DEEDDCBF0020590 /* Category.swift */,
				AC38F329F064F441B06FC82D /* WordCategory.swift */,
			);
			path = Model;
			sourceTree = "<group>";
		};
		F47029E71A7F27DB00E30A3C = {
			isa = PBXGroup;
			children = (
				F4702A151A7F342F00E30A3C /* MapKit.framework */,
				F47029F21A7F27DB00E30A3C /* WordTutorApp */,
				F4702A081A7F27DC00E30A3C /* WordTutorAppTests */,
				F47029F11A7F27DB00E30A3C /* Products */,
			);
			sourceTree = "<group>";
		};
		F47029F11A7F27DB00E30A3C /* Products */ = {
			isa = PBXGroup;
			children = (
				F47029F01A7F27DB00E30A3C /* WordTutorApp.app */,
				F4702A051A7F27DC00E30A3C /* WordTutorAppTest.xctest */,
			);
			name = Products;
			sourceTree = "<group>";
		};
		F47029F21A7F27DB00E30A3C /* WordTutorApp */ = {
			isa = PBXGroup;
			children = (
				F4D750141BD38E56009E1003 /* SWRevealViewController */,
				F47029F51A7F27DB00E30A3C /* AppDelegate.swift */,
				F47029FC1A7F27DB00E30A3C /* Images.xcassets */,
				F47029FE1A7F27DB00E30A3C /* LaunchScreen.xib */,
				F47029F31A7F27DB00E30A3C /* Supporting Files */,
				F491E7541A7F7E010026528E /* PhotoViewController.swift */,
				AC38FEED7314AA3589566B7F /* Model */,
				AC38F36827B52FDB99A324F2 /* DataSource */,
				AC38F7F94A736EDA1BBC394B /* Controllers */,
				AC38F064498111784C5E4B6B /* Main.storyboard */,
				AC38FCC00687DBD6ED583C0F /* Languages */,
				AC38F5A17B118B4A8C92958E /* View */,
			);
			path = WordTutorApp;
			sourceTree = "<group>";
		};
		F47029F31A7F27DB00E30A3C /* Supporting Files */ = {
			isa = PBXGroup;
			children = (
				F47029F41A7F27DB00E30A3C /* Info.plist */,
			);
			name = "Supporting Files";
			sourceTree = "<group>";
		};
		F4702A081A7F27DC00E30A3C /* WordTutorAppTests */ = {
			isa = PBXGroup;
			children = (
				F4702A0B1A7F27DC00E30A3C /* WordTutorAppTests.swift */,
				F4702A091A7F27DC00E30A3C /* Supporting Files */,
				AC38F47E1A12501B360715D7 /* CategoryTest.swift */,
				AC38F54A5AC22026898ADE11 /* JsonParserTest.swift */,
			);
			path = WordTutorAppTests;
			sourceTree = "<group>";
		};
		F4702A091A7F27DC00E30A3C /* Supporting Files */ = {
			isa = PBXGroup;
			children = (
				F4702A0A1A7F27DC00E30A3C /* Info.plist */,
			);
			name = "Supporting Files";
			sourceTree = "<group>";
		};
		F4D750141BD38E56009E1003 /* SWRevealViewController */ = {
			isa = PBXGroup;
			children = (
				F4D750161BD38F0C009E1003 /* SWRevealViewController.h */,
				F4D750171BD38F0C009E1003 /* SWRevealViewController.m */,
				F4D750151BD38F0C009E1003 /* WordTutorApp-Bridging-Header.h */,
			);
			name = SWRevealViewController;
			sourceTree = "<group>";
		};
/* End PBXGroup section */

/* Begin PBXNativeTarget section */
		F47029EF1A7F27DB00E30A3C /* WordTutorApp */ = {
			isa = PBXNativeTarget;
			buildConfigurationList = F4702A0F1A7F27DC00E30A3C /* Build configuration list for PBXNativeTarget "WordTutorApp" */;
			buildPhases = (
				F47029EC1A7F27DB00E30A3C /* Sources */,
				F47029ED1A7F27DB00E30A3C /* Frameworks */,
				F47029EE1A7F27DB00E30A3C /* Resources */,
			);
			buildRules = (
			);
			dependencies = (
			);
			name = WordTutorApp;
			productName = WordTutorApp;
			productReference = F47029F01A7F27DB00E30A3C /* WordTutorApp.app */;
			productType = "com.apple.product-type.application";
		};
		F4702A041A7F27DC00E30A3C /* WordTutorAppTests */ = {
			isa = PBXNativeTarget;
			buildConfigurationList = F4702A121A7F27DC00E30A3C /* Build configuration list for PBXNativeTarget "WordTutorAppTests" */;
			buildPhases = (
				F4702A011A7F27DC00E30A3C /* Sources */,
				F4702A021A7F27DC00E30A3C /* Frameworks */,
				F4702A031A7F27DC00E30A3C /* Resources */,
			);
			buildRules = (
			);
			dependencies = (
				F4702A071A7F27DC00E30A3C /* PBXTargetDependency */,
			);
			name = WordTutorAppTests;
			productName = WordTutorAppTests;
			productReference = F4702A051A7F27DC00E30A3C /* WordTutorAppTest.xctest */;
			productType = "com.apple.product-type.bundle.unit-test";
		};
/* End PBXNativeTarget section */

/* Begin PBXProject section */
		F47029E81A7F27DB00E30A3C /* Project object */ = {
			isa = PBXProject;
			attributes = {
				LastSwiftUpdateCheck = 0700;
				LastUpgradeCheck = 0700;
				ORGANIZATIONNAME = avokin;
				TargetAttributes = {
					F47029EF1A7F27DB00E30A3C = {
						CreatedOnToolsVersion = 6.1.1;
						DevelopmentTeam = S2XS892B4S;
						SystemCapabilities = {
							com.apple.Maps.iOS = {
								enabled = 1;
							};
						};
					};
					F4702A041A7F27DC00E30A3C = {
						CreatedOnToolsVersion = 6.1.1;
						TestTargetID = F47029EF1A7F27DB00E30A3C;
					};
				};
			};
			buildConfigurationList = F47029EB1A7F27DB00E30A3C /* Build configuration list for PBXProject "WordTutorApp" */;
			compatibilityVersion = "Xcode 3.2";
			developmentRegion = English;
			hasScannedForEncodings = 0;
			knownRegions = (
				en,
				Base,
			);
			mainGroup = F47029E71A7F27DB00E30A3C;
			productRefGroup = F47029F11A7F27DB00E30A3C /* Products */;
			projectDirPath = "";
			projectRoot = "";
			targets = (
				F47029EF1A7F27DB00E30A3C /* WordTutorApp */,
				F4702A041A7F27DC00E30A3C /* WordTutorAppTests */,
			);
		};
/* End PBXProject section */

/* Begin PBXResourcesBuildPhase section */
		F47029EE1A7F27DB00E30A3C /* Resources */ = {
			isa = PBXResourcesBuildPhase;
			buildActionMask = 2147483647;
			files = (
				F4702A001A7F27DC00E30A3C /* LaunchScreen.xib in Resources */,
				F47029FD1A7F27DB00E30A3C /* Images.xcassets in Resources */,
				AC38F518DC4045606C1001F9 /* Main.storyboard in Resources */,
			);
			runOnlyForDeploymentPostprocessing = 0;
		};
		F4702A031A7F27DC00E30A3C /* Resources */ = {
			isa = PBXResourcesBuildPhase;
			buildActionMask = 2147483647;
			files = (
			);
			runOnlyForDeploymentPostprocessing = 0;
		};
/* End PBXResourcesBuildPhase section */

/* Begin PBXSourcesBuildPhase section */
		F47029EC1A7F27DB00E30A3C /* Sources */ = {
			isa = PBXSourcesBuildPhase;
			buildActionMask = 2147483647;
			files = (
				F4D750181BD38F0C009E1003 /* SWRevealViewController.m in Sources */,
				F47029F61A7F27DB00E30A3C /* AppDelegate.swift in Sources */,
				F491E7551A7F7E010026528E /* PhotoViewController.swift in Sources */,
				AC38FB8540684F000BCBBB7B /* Word.swift in Sources */,
				AC38F50BBF138EF66FAA444F /* WordRelation.swift in Sources */,
				AC38FE97BD229242E876F5DF /* Language.swift in Sources */,
				AC38F69E4A394D3B58679D95 /* DataProvider.swift in Sources */,
				AC38F265E5168B0B2C5C9253 /* WordController.swift in Sources */,
				AC38F1BA46D05121E139B055 /* Category.swift in Sources */,
				AC38FBA403E1656010765087 /* WordCategory.swift in Sources */,
				AC38FB08D6CE0F0793117361 /* WordListController.swift in Sources */,
				AC38F4C7F6934CC0ABC4FA0E /* CategoriesController.swift in Sources */,
				AC38FB7FC82DF4C2E37E690A /* GermanNounController.swift in Sources */,
				AC38F999FB8D3EC62BCF000E /* GermanUtil.swift in Sources */,
				AC38F4BA582BA856414BE77C /* JsonParser.swift in Sources */,
				AC38F298E0197CAFFE6B9383 /* LoginController.swift in Sources */,
				AC38FCA79C4E6498F31C7996 /* LoginHelper.swift in Sources */,
				AC38FA68225661CC70F400E3 /* ReplaceSegue.swift in Sources */,
			);
			runOnlyForDeploymentPostprocessing = 0;
		};
		F4702A011A7F27DC00E30A3C /* Sources */ = {
			isa = PBXSourcesBuildPhase;
			buildActionMask = 2147483647;
			files = (
				F4702A0C1A7F27DC00E30A3C /* WordTutorAppTests.swift in Sources */,
				AC38FADDE26E362A704CE1F2 /* CategoryTest.swift in Sources */,
				AC38F3D2B5C461DBF616EDA3 /* JsonParserTest.swift in Sources */,
			);
			runOnlyForDeploymentPostprocessing = 0;
		};
/* End PBXSourcesBuildPhase section */

/* Begin PBXTargetDependency section */
		F4702A071A7F27DC00E30A3C /* PBXTargetDependency */ = {
			isa = PBXTargetDependency;
			target = F47029EF1A7F27DB00E30A3C /* WordTutorApp */;
			targetProxy = F4702A061A7F27DC00E30A3C /* PBXContainerItemProxy */;
		};
/* End PBXTargetDependency section */

/* Begin PBXVariantGroup section */
		AC38F064498111784C5E4B6B /* Main.storyboard */ = {
			isa = PBXVariantGroup;
			children = (
				AC38FA02EB68D7CF1279AA10 /* Base */,
			);
			name = Main.storyboard;
			sourceTree = "<group>";
		};
		F47029FE1A7F27DB00E30A3C /* LaunchScreen.xib */ = {
			isa = PBXVariantGroup;
			children = (
				F47029FF1A7F27DB00E30A3C /* Base */,
			);
			name = LaunchScreen.xib;
			sourceTree = "<group>";
		};
/* End PBXVariantGroup section */

/* Begin XCBuildConfiguration section */
		F4702A0D1A7F27DC00E30A3C /* Debug */ = {
			isa = XCBuildConfiguration;
			buildSettings = {
				ALWAYS_SEARCH_USER_PATHS = NO;
				CLANG_CXX_LANGUAGE_STANDARD = "gnu++0x";
				CLANG_CXX_LIBRARY = "libc++";
				CLANG_ENABLE_MODULES = YES;
				CLANG_ENABLE_OBJC_ARC = YES;
				CLANG_WARN_BOOL_CONVERSION = YES;
				CLANG_WARN_CONSTANT_CONVERSION = YES;
				CLANG_WARN_DIRECT_OBJC_ISA_USAGE = YES_ERROR;
				CLANG_WARN_EMPTY_BODY = YES;
				CLANG_WARN_ENUM_CONVERSION = YES;
				CLANG_WARN_INT_CONVERSION = YES;
				CLANG_WARN_OBJC_ROOT_CLASS = YES_ERROR;
				CLANG_WARN_UNREACHABLE_CODE = YES;
				CLANG_WARN__DUPLICATE_METHOD_MATCH = YES;
				"CODE_SIGN_IDENTITY[sdk=iphoneos*]" = "iPhone Developer";
				COPY_PHASE_STRIP = NO;
				ENABLE_STRICT_OBJC_MSGSEND = YES;
				ENABLE_TESTABILITY = YES;
				GCC_C_LANGUAGE_STANDARD = gnu99;
				GCC_DYNAMIC_NO_PIC = NO;
				GCC_OPTIMIZATION_LEVEL = 0;
				GCC_PREPROCESSOR_DEFINITIONS = (
					"DEBUG=1",
					"$(inherited)",
				);
				GCC_SYMBOLS_PRIVATE_EXTERN = NO;
				GCC_WARN_64_TO_32_BIT_CONVERSION = YES;
				GCC_WARN_ABOUT_RETURN_TYPE = YES_ERROR;
				GCC_WARN_UNDECLARED_SELECTOR = YES;
				GCC_WARN_UNINITIALIZED_AUTOS = YES_AGGRESSIVE;
				GCC_WARN_UNUSED_FUNCTION = YES;
				GCC_WARN_UNUSED_VARIABLE = YES;
				IPHONEOS_DEPLOYMENT_TARGET = 8.1;
				MTL_ENABLE_DEBUG_INFO = YES;
				ONLY_ACTIVE_ARCH = YES;
				SDKROOT = iphoneos;
				SWIFT_OPTIMIZATION_LEVEL = "-Onone";
			};
			name = Debug;
		};
		F4702A0E1A7F27DC00E30A3C /* Release */ = {
			isa = XCBuildConfiguration;
			buildSettings = {
				ALWAYS_SEARCH_USER_PATHS = NO;
				CLANG_CXX_LANGUAGE_STANDARD = "gnu++0x";
				CLANG_CXX_LIBRARY = "libc++";
				CLANG_ENABLE_MODULES = YES;
				CLANG_ENABLE_OBJC_ARC = YES;
				CLANG_WARN_BOOL_CONVERSION = YES;
				CLANG_WARN_CONSTANT_CONVERSION = YES;
				CLANG_WARN_DIRECT_OBJC_ISA_USAGE = YES_ERROR;
				CLANG_WARN_EMPTY_BODY = YES;
				CLANG_WARN_ENUM_CONVERSION = YES;
				CLANG_WARN_INT_CONVERSION = YES;
				CLANG_WARN_OBJC_ROOT_CLASS = YES_ERROR;
				CLANG_WARN_UNREACHABLE_CODE = YES;
				CLANG_WARN__DUPLICATE_METHOD_MATCH = YES;
				"CODE_SIGN_IDENTITY[sdk=iphoneos*]" = "iPhone Developer";
				COPY_PHASE_STRIP = YES;
				ENABLE_NS_ASSERTIONS = NO;
				ENABLE_STRICT_OBJC_MSGSEND = YES;
				GCC_C_LANGUAGE_STANDARD = gnu99;
				GCC_WARN_64_TO_32_BIT_CONVERSION = YES;
				GCC_WARN_ABOUT_RETURN_TYPE = YES_ERROR;
				GCC_WARN_UNDECLARED_SELECTOR = YES;
				GCC_WARN_UNINITIALIZED_AUTOS = YES_AGGRESSIVE;
				GCC_WARN_UNUSED_FUNCTION = YES;
				GCC_WARN_UNUSED_VARIABLE = YES;
				IPHONEOS_DEPLOYMENT_TARGET = 8.1;
				MTL_ENABLE_DEBUG_INFO = NO;
				SDKROOT = iphoneos;
				VALIDATE_PRODUCT = YES;
			};
			name = Release;
		};
		F4702A101A7F27DC00E30A3C /* Debug */ = {
			isa = XCBuildConfiguration;
			buildSettings = {
				ASSETCATALOG_COMPILER_APPICON_NAME = AppIcon;
				CLANG_ENABLE_MODULES = YES;
				CODE_SIGN_IDENTITY = "iPhone Developer";
				"CODE_SIGN_IDENTITY[sdk=iphoneos*]" = "iPhone Developer";
				INFOPLIST_FILE = WordTutorApp/Info.plist;
				LD_RUNPATH_SEARCH_PATHS = "$(inherited) @executable_path/Frameworks";
				PRODUCT_BUNDLE_IDENTIFIER = com.avokin.WordTutorApp;
				PRODUCT_NAME = WordTutorApp;
				PROVISIONING_PROFILE = "";
				SWIFT_OBJC_BRIDGING_HEADER = "WordTutorApp/WordTutorApp-Bridging-Header.h";
				SWIFT_OPTIMIZATION_LEVEL = "-Onone";
			};
			name = Debug;
		};
		F4702A111A7F27DC00E30A3C /* Release */ = {
			isa = XCBuildConfiguration;
			buildSettings = {
				ASSETCATALOG_COMPILER_APPICON_NAME = AppIcon;
				CLANG_ENABLE_MODULES = YES;
				CODE_SIGN_IDENTITY = "iPhone Developer";
				"CODE_SIGN_IDENTITY[sdk=iphoneos*]" = "iPhone Developer";
				INFOPLIST_FILE = WordTutorApp/Info.plist;
				LD_RUNPATH_SEARCH_PATHS = "$(inherited) @executable_path/Frameworks";
				PRODUCT_BUNDLE_IDENTIFIER = com.avokin.WordTutorApp;
				PRODUCT_NAME = WordTutorApp;
				PROVISIONING_PROFILE = "";
				SWIFT_OBJC_BRIDGING_HEADER = "WordTutorApp/WordTutorApp-Bridging-Header.h";
			};
			name = Release;
		};
		F4702A131A7F27DC00E30A3C /* Debug */ = {
			isa = XCBuildConfiguration;
			buildSettings = {
				BUNDLE_LOADER = "$(TEST_HOST)";
				FRAMEWORK_SEARCH_PATHS = (
					"$(SDKROOT)/Developer/Library/Frameworks",
					"$(inherited)",
				);
				GCC_PREPROCESSOR_DEFINITIONS = (
					"DEBUG=1",
					"$(inherited)",
				);
				INFOPLIST_FILE = WordTutorAppTests/Info.plist;
				LD_RUNPATH_SEARCH_PATHS = "$(inherited) @executable_path/Frameworks @loader_path/Frameworks";
				PRODUCT_BUNDLE_IDENTIFIER = "com.avokin.$(PRODUCT_NAME:rfc1034identifier)";
				PRODUCT_NAME = WordTutorAppTest;
				TEST_HOST = "$(BUILT_PRODUCTS_DIR)/WordTutorApp.app/WordTutorApp";
			};
			name = Debug;
		};
		F4702A141A7F27DC00E30A3C /* Release */ = {
			isa = XCBuildConfiguration;
			buildSettings = {
				BUNDLE_LOADER = "$(TEST_HOST)";
				FRAMEWORK_SEARCH_PATHS = (
					"$(SDKROOT)/Developer/Library/Frameworks",
					"$(inherited)",
				);
				INFOPLIST_FILE = WordTutorAppTests/Info.plist;
				LD_RUNPATH_SEARCH_PATHS = "$(inherited) @executable_path/Frameworks @loader_path/Frameworks";
				PRODUCT_BUNDLE_IDENTIFIER = "com.avokin.$(PRODUCT_NAME:rfc1034identifier)";
				PRODUCT_NAME = WordTutorAppTest;
				TEST_HOST = "$(BUILT_PRODUCTS_DIR)/WordTutorApp.app/WordTutorApp";
			};
			name = Release;
		};
/* End XCBuildConfiguration section */

/* Begin XCConfigurationList section */
		F47029EB1A7F27DB00E30A3C /* Build configuration list for PBXProject "WordTutorApp" */ = {
			isa = XCConfigurationList;
			buildConfigurations = (
				F4702A0D1A7F27DC00E30A3C /* Debug */,
				F4702A0E1A7F27DC00E30A3C /* Release */,
			);
			defaultConfigurationIsVisible = 0;
			defaultConfigurationName = Release;
		};
		F4702A0F1A7F27DC00E30A3C /* Build configuration list for PBXNativeTarget "WordTutorApp" */ = {
			isa = XCConfigurationList;
			buildConfigurations = (
				F4702A101A7F27DC00E30A3C /* Debug */,
				F4702A111A7F27DC00E30A3C /* Release */,
			);
			defaultConfigurationIsVisible = 0;
			defaultConfigurationName = Release;
		};
		F4702A121A7F27DC00E30A3C /* Build configuration list for PBXNativeTarget "WordTutorAppTests" */ = {
			isa = XCConfigurationList;
			buildConfigurations = (
				F4702A131A7F27DC00E30A3C /* Debug */,
				F4702A141A7F27DC00E30A3C /* Release */,
			);
			defaultConfigurationIsVisible = 0;
			defaultConfigurationName = Release;
		};
/* End XCConfigurationList section */
	};
	rootObject = F47029E81A7F27DB00E30A3C /* Project object */;
}
